
Microsoft Visual Studio Solution File, Format Version 12.00
# Visual Studio 15
VisualStudioVersion = 15.0.26124.0
MinimumVisualStudioVersion = 15.0.26124.0
Project("{FAE04EC0-301F-11D3-BF4B-00C04F79EFBC}") = "OrbitalCalculator", "OrbitalCalculator\OrbitalCalculator.csproj", "{7D1D255F-6781-4038-801C-6EE8E555A22A}"
EndProject
Project("{FAE04EC0-301F-11D3-BF4B-00C04F79EFBC}") = "OrbitalPositionTest", "OrbitalPositionTest\OrbitalPositionTest.csproj", "{8C1C6A26-D8DF-4C34-A57B-2E8C176695E5}"
EndProject
Project("{FAE04EC0-301F-11D3-BF4B-00C04F79EFBC}") = "OrbitalCalculator.Tests", "OrbitalCalculator.Tests\OrbitalCalculator.Tests.csproj", "{BDF2F905-12F5-436C-AB87-FDE544D3D98A}"
EndProject
Global
	GlobalSection(SolutionConfigurationPlatforms) = preSolution
		Debug|Any CPU = Debug|Any CPU
		Debug|x64 = Debug|x64
		Debug|x86 = Debug|x86
		Release|Any CPU = Release|Any CPU
		Release|x64 = Release|x64
		Release|x86 = Release|x86
	EndGlobalSection
	GlobalSection(SolutionProperties) = preSolution
		HideSolutionNode = FALSE
	EndGlobalSection
	GlobalSection(ProjectConfigurationPlatforms) = postSolution
		{7D1D255F-6781-4038-801C-6EE8E555A22A}.Debug|Any CPU.ActiveCfg = Debug|Any CPU
		{7D1D255F-6781-4038-801C-6EE8E555A22A}.Debug|Any CPU.Build.0 = Debug|Any CPU
		{7D1D255F-6781-4038-801C-6EE8E555A22A}.Debug|x64.ActiveCfg = Debug|Any CPU
		{7D1D255F-6781-4038-801C-6EE8E555A22A}.Debug|x64.Build.0 = Debug|Any CPU
		{7D1D255F-6781-4038-801C-6EE8E555A22A}.Debug|x86.ActiveCfg = Debug|Any CPU
		{7D1D255F-6781-4038-801C-6EE8E555A22A}.Debug|x86.Build.0 = Debug|Any CPU
		{7D1D255F-6781-4038-801C-6EE8E555A22A}.Release|Any CPU.ActiveCfg = Release|Any CPU
		{7D1D255F-6781-4038-801C-6EE8E555A22A}.Release|Any CPU.Build.0 = Release|Any CPU
		{7D1D255F-6781-4038-801C-6EE8E555A22A}.Release|x64.ActiveCfg = Release|Any CPU
		{7D1D255F-6781-4038-801C-6EE8E555A22A}.Release|x64.Build.0 = Release|Any CPU
		{7D1D255F-6781-4038-801C-6EE8E555A22A}.Release|x86.ActiveCfg = Release|Any CPU
		{7D1D255F-6781-4038-801C-6EE8E555A22A}.Release|x86.Build.0 = Release|Any CPU
		{8C1C6A26-D8DF-4C34-A57B-2E8C176695E5}.Debug|Any CPU.ActiveCfg = Debug|Any CPU
		{8C1C6A26-D8DF-4C34-A57B-2E8C176695E5}.Debug|Any CPU.Build.0 = Debug|Any CPU
		{8C1C6A26-D8DF-4C34-A57B-2E8C176695E5}.Debug|x64.ActiveCfg = Debug|Any CPU
		{8C1C6A26-D8DF-4C34-A57B-2E8C176695E5}.Debug|x64.Build.0 = Debug|Any CPU
		{8C1C6A26-D8DF-4C34-A57B-2E8C176695E5}.Debug|x86.ActiveCfg = Debug|Any CPU
		{8C1C6A26-D8DF-4C34-A57B-2E8C176695E5}.Debug|x86.Build.0 = Debug|Any CPU
		{8C1C6A26-D8DF-4C34-A57B-2E8C176695E5}.Release|Any CPU.ActiveCfg = Release|Any CPU
		{8C1C6A26-D8DF-4C34-A57B-2E8C176695E5}.Release|Any CPU.Build.0 = Release|Any CPU
		{8C1C6A26-D8DF-4C34-A57B-2E8C176695E5}.Release|x64.ActiveCfg = Release|Any CPU
		{8C1C6A26-D8DF-4C34-A57B-2E8C176695E5}.Release|x64.Build.0 = Release|Any CPU
		{8C1C6A26-D8DF-4C34-A57B-2E8C176695E5}.Release|x86.ActiveCfg = Release|Any CPU
		{8C1C6A26-D8DF-4C34-A57B-2E8C176695E5}.Release|x86.Build.0 = Release|Any CPU
		{BDF2F905-12F5-436C-AB87-FDE544D3D98A}.Debug|Any CPU.ActiveCfg = Debug|Any CPU
		{BDF2F905-12F5-436C-AB87-FDE544D3D98A}.Debug|Any CPU.Build.0 = Debug|Any CPU
		{BDF2F905-12F5-436C-AB87-FDE544D3D98A}.Debug|x64.ActiveCfg = Debug|Any CPU
		{BDF2F905-12F5-436C-AB87-FDE544D3D98A}.Debug|x64.Build.0 = Debug|Any CPU
		{BDF2F905-12F5-436C-AB87-FDE544D3D98A}.Debug|x86.ActiveCfg = Debug|Any CPU
		{BDF2F905-12F5-436C-AB87-FDE544D3D98A}.Debug|x86.Build.0 = Debug|Any CPU
		{BDF2F905-12F5-436C-AB87-FDE544D3D98A}.Release|Any CPU.ActiveCfg = Release|Any CPU
		{BDF2F905-12F5-436C-AB87-FDE544D3D98A}.Release|Any CPU.Build.0 = Release|Any CPU
		{BDF2F905-12F5-436C-AB87-FDE544D3D98A}.Release|x64.ActiveCfg = Release|Any CPU
		{BDF2F905-12F5-436C-AB87-FDE544D3D98A}.Release|x64.Build.0 = Release|Any CPU
		{BDF2F905-12F5-436C-AB87-FDE544D3D98A}.Release|x86.ActiveCfg = Release|Any CPU
		{BDF2F905-12F5-436C-AB87-FDE544D3D98A}.Release|x86.Build.0 = Release|Any CPU
	EndGlobalSection
EndGlobal
